
Microsoft Visual Studio Solution File, Format Version 12.00
# Visual Studio Version 17
VisualStudioVersion = 17.9.34622.214
MinimumVisualStudioVersion = 10.0.40219.1
Project("{9A19103F-16F7-4668-BE54-9A1E7A4F7556}") = "PM", "PM_Web\PM.csproj", "{E6468380-8554-413F-B83C-4918BD60E7E6}"
EndProject
Global
	GlobalSection(SolutionConfigurationPlatforms) = preSolution
		Debug|Any CPU = Debug|Any CPU
		Release|Any CPU = Release|Any CPU
	EndGlobalSection
	GlobalSection(ProjectConfigurationPlatforms) = postSolution
		{E6468380-8554-413F-B83C-4918BD60E7E6}.Debug|Any CPU.ActiveCfg = Debug|Any CPU
		{E6468380-8554-413F-B83C-4918BD60E7E6}.Debug|Any CPU.Build.0 = Debug|Any CPU
		{E6468380-8554-413F-B83C-4918BD60E7E6}.Release|Any CPU.ActiveCfg = Release|Any CPU
		{E6468380-8554-413F-B83C-4918BD60E7E6}.Release|Any CPU.Build.0 = Release|Any CPU
	EndGlobalSection
	GlobalSection(SolutionProperties) = preSolution
		HideSolutionNode = FALSE
	EndGlobalSection
	GlobalSection(ExtensibilityGlobals) = postSolution
		SolutionGuid = {3C498D67-63CD-4701-8903-6309CDF8DDA9}
	EndGlobalSection
EndGlobal
